// !$*UTF8*$!
{
	archiveVersion = 1;
	classes = {
	};
	objectVersion = 50;
	objects = {

/* Begin PBXBuildFile section */
		70F9BB141D4B2050B2AD3001 /* libPods-RxSwiftDemo.a in Frameworks */ = {isa = PBXBuildFile; fileRef = 57AC07B44F31E73DB20DE6F9 /* libPods-RxSwiftDemo.a */; };
		C282BBE924DE2A4A0075026A /* AppDelegate.swift in Sources */ = {isa = PBXBuildFile; fileRef = C282BBE824DE2A4A0075026A /* AppDelegate.swift */; };
		C282BBEB24DE2A4A0075026A /* SceneDelegate.swift in Sources */ = {isa = PBXBuildFile; fileRef = C282BBEA24DE2A4A0075026A /* SceneDelegate.swift */; };
		C282BBED24DE2A4A0075026A /* ViewController.swift in Sources */ = {isa = PBXBuildFile; fileRef = C282BBEC24DE2A4A0075026A /* ViewController.swift */; };
		C282BBF024DE2A4A0075026A /* Main.storyboard in Resources */ = {isa = PBXBuildFile; fileRef = C282BBEE24DE2A4A0075026A /* Main.storyboard */; };
		C282BBF224DE2A500075026A /* Assets.xcassets in Resources */ = {isa = PBXBuildFile; fileRef = C282BBF124DE2A500075026A /* Assets.xcassets */; };
		C282BBF524DE2A500075026A /* LaunchScreen.storyboard in Resources */ = {isa = PBXBuildFile; fileRef = C282BBF324DE2A500075026A /* LaunchScreen.storyboard */; };
		C282BC0024DE2A500075026A /* RxSwiftDemoTests.swift in Sources */ = {isa = PBXBuildFile; fileRef = C282BBFF24DE2A500075026A /* RxSwiftDemoTests.swift */; };
/* End PBXBuildFile section */

/* Begin PBXContainerItemProxy section */
		C282BBFC24DE2A500075026A /* PBXContainerItemProxy */ = {
			isa = PBXContainerItemProxy;
			containerPortal = C282BBDD24DE2A4A0075026A /* Project object */;
			proxyType = 1;
			remoteGlobalIDString = C282BBE424DE2A4A0075026A;
			remoteInfo = RxSwiftDemo;
		};
/* End PBXContainerItemProxy section */

/* Begin PBXFileReference section */
		0C2D11908EB08B3EA4883FB6 /* Pods-RxSwiftDemo.release.xcconfig */ = {isa = PBXFileReference; includeInIndex = 1; lastKnownFileType = text.xcconfig; name = "Pods-RxSwiftDemo.release.xcconfig"; path = "Target Support Files/Pods-RxSwiftDemo/Pods-RxSwiftDemo.release.xcconfig"; sourceTree = "<group>"; };
		4A975FF1FD67A7058165E006 /* Pods-RxSwiftDemo.debug.xcconfig */ = {isa = PBXFileReference; includeInIndex = 1; lastKnownFileType = text.xcconfig; name = "Pods-RxSwiftDemo.debug.xcconfig"; path = "Target Support Files/Pods-RxSwiftDemo/Pods-RxSwiftDemo.debug.xcconfig"; sourceTree = "<group>"; };
		57AC07B44F31E73DB20DE6F9 /* libPods-RxSwiftDemo.a */ = {isa = PBXFileReference; explicitFileType = archive.ar; includeInIndex = 0; path = "libPods-RxSwiftDemo.a"; sourceTree = BUILT_PRODUCTS_DIR; };
		C282BBE524DE2A4A0075026A /* RxSwiftDemo.app */ = {isa = PBXFileReference; explicitFileType = wrapper.application; includeInIndex = 0; path = RxSwiftDemo.app; sourceTree = BUILT_PRODUCTS_DIR; };
		C282BBE824DE2A4A0075026A /* AppDelegate.swift */ = {isa = PBXFileReference; lastKnownFileType = sourcecode.swift; path = AppDelegate.swift; sourceTree = "<group>"; };
		C282BBEA24DE2A4A0075026A /* SceneDelegate.swift */ = {isa = PBXFileReference; lastKnownFileType = sourcecode.swift; path = SceneDelegate.swift; sourceTree = "<group>"; };
		C282BBEC24DE2A4A0075026A /* ViewController.swift */ = {isa = PBXFileReference; lastKnownFileType = sourcecode.swift; path = ViewController.swift; sourceTree = "<group>"; };
		C282BBEF24DE2A4A0075026A /* Base */ = {isa = PBXFileReference; lastKnownFileType = file.storyboard; name = Base; path = Base.lproj/Main.storyboard; sourceTree = "<group>"; };
		C282BBF124DE2A500075026A /* Assets.xcassets */ = {isa = PBXFileReference; lastKnownFileType = folder.assetcatalog; path = Assets.xcassets; sourceTree = "<group>"; };
		C282BBF424DE2A500075026A /* Base */ = {isa = PBXFileReference; lastKnownFileType = file.storyboard; name = Base; path = Base.lproj/LaunchScreen.storyboard; sourceTree = "<group>"; };
		C282BBF624DE2A500075026A /* Info.plist */ = {isa = PBXFileReference; lastKnownFileType = text.plist.xml; path = Info.plist; sourceTree = "<group>"; };
		C282BBFB24DE2A500075026A /* RxSwiftDemoTests.xctest */ = {isa = PBXFileReference; explicitFileType = wrapper.cfbundle; includeInIndex = 0; path = RxSwiftDemoTests.xctest; sourceTree = BUILT_PRODUCTS_DIR; };
		C282BBFF24DE2A500075026A /* RxSwiftDemoTests.swift */ = {isa = PBXFileReference; lastKnownFileType = sourcecode.swift; path = RxSwiftDemoTests.swift; sourceTree = "<group>"; };
		C282BC0124DE2A500075026A /* Info.plist */ = {isa = PBXFileReference; lastKnownFileType = text.plist.xml; path = Info.plist; sourceTree = "<group>"; };
/* End PBXFileReference section */

/* Begin PBXFrameworksBuildPhase section */
		C282BBE224DE2A4A0075026A /* Frameworks */ = {
			isa = PBXFrameworksBuildPhase;
			buildActionMask = 2147483647;
			files = (
				70F9BB141D4B2050B2AD3001 /* libPods-RxSwiftDemo.a in Frameworks */,
			);
			runOnlyForDeploymentPostprocessing = 0;
		};
		C282BBF824DE2A500075026A /* Frameworks */ = {
			isa = PBXFrameworksBuildPhase;
			buildActionMask = 2147483647;
			files = (
			);
			runOnlyForDeploymentPostprocessing = 0;
		};
/* End PBXFrameworksBuildPhase section */

/* Begin PBXGroup section */
		7E1BFA9322E9F592235BB1E2 /* Frameworks */ = {
			isa = PBXGroup;
			children = (
				57AC07B44F31E73DB20DE6F9 /* libPods-RxSwiftDemo.a */,
			);
			name = Frameworks;
			sourceTree = "<group>";
		};
		ABB68ED5E75EF00EEEB6F98E /* Pods */ = {
			isa = PBXGroup;
			children = (
				4A975FF1FD67A7058165E006 /* Pods-RxSwiftDemo.debug.xcconfig */,
				0C2D11908EB08B3EA4883FB6 /* Pods-RxSwiftDemo.release.xcconfig */,
			);
			name = Pods;
			path = Pods;
			sourceTree = "<group>";
		};
		C282BBDC24DE2A4A0075026A = {
			isa = PBXGroup;
			children = (
				C282BBE724DE2A4A0075026A /* RxSwiftDemo */,
				C282BBFE24DE2A500075026A /* RxSwiftDemoTests */,
				C282BBE624DE2A4A0075026A /* Products */,
				ABB68ED5E75EF00EEEB6F98E /* Pods */,
				7E1BFA9322E9F592235BB1E2 /* Frameworks */,
			);
			sourceTree = "<group>";
		};
		C282BBE624DE2A4A0075026A /* Products */ = {
			isa = PBXGroup;
			children = (
				C282BBE524DE2A4A0075026A /* RxSwiftDemo.app */,
				C282BBFB24DE2A500075026A /* RxSwiftDemoTests.xctest */,
			);
			name = Products;
			sourceTree = "<group>";
		};
		C282BBE724DE2A4A0075026A /* RxSwiftDemo */ = {
			isa = PBXGroup;
			children = (
				C282BBE824DE2A4A0075026A /* AppDelegate.swift */,
				C282BBEA24DE2A4A0075026A /* SceneDelegate.swift */,
				C282BBEC24DE2A4A0075026A /* ViewController.swift */,
				C282BBEE24DE2A4A0075026A /* Main.storyboard */,
				C282BBF124DE2A500075026A /* Assets.xcassets */,
				C282BBF324DE2A500075026A /* LaunchScreen.storyboard */,
				C282BBF624DE2A500075026A /* Info.plist */,
			);
			path = RxSwiftDemo;
			sourceTree = "<group>";
		};
		C282BBFE24DE2A500075026A /* RxSwiftDemoTests */ = {
			isa = PBXGroup;
			children = (
				C282BBFF24DE2A500075026A /* RxSwiftDemoTests.swift */,
				C282BC0124DE2A500075026A /* Info.plist */,
			);
			path = RxSwiftDemoTests;
			sourceTree = "<group>";
		};
/* End PBXGroup section */

/* Begin PBXNativeTarget section */
		C282BBE424DE2A4A0075026A /* RxSwiftDemo */ = {
			isa = PBXNativeTarget;
			buildConfigurationList = C282BC0424DE2A500075026A /* Build configuration list for PBXNativeTarget "RxSwiftDemo" */;
			buildPhases = (
				E46AD9E46C255C6528E62203 /* [CP] Check Pods Manifest.lock */,
				C282BBE124DE2A4A0075026A /* Sources */,
				C282BBE224DE2A4A0075026A /* Frameworks */,
				C282BBE324DE2A4A0075026A /* Resources */,
			);
			buildRules = (
			);
			dependencies = (
			);
			name = RxSwiftDemo;
			productName = RxSwiftDemo;
			productReference = C282BBE524DE2A4A0075026A /* RxSwiftDemo.app */;
			productType = "com.apple.product-type.application";
		};
		C282BBFA24DE2A500075026A /* RxSwiftDemoTests */ = {
			isa = PBXNativeTarget;
			buildConfigurationList = C282BC0724DE2A500075026A /* Build configuration list for PBXNativeTarget "RxSwiftDemoTests" */;
			buildPhases = (
				C282BBF724DE2A500075026A /* Sources */,
				C282BBF824DE2A500075026A /* Frameworks */,
				C282BBF924DE2A500075026A /* Resources */,
			);
			buildRules = (
			);
			dependencies = (
				C282BBFD24DE2A500075026A /* PBXTargetDependency */,
			);
			name = RxSwiftDemoTests;
			productName = RxSwiftDemoTests;
			productReference = C282BBFB24DE2A500075026A /* RxSwiftDemoTests.xctest */;
			productType = "com.apple.product-type.bundle.unit-test";
		};
/* End PBXNativeTarget section */

/* Begin PBXProject section */
		C282BBDD24DE2A4A0075026A /* Project object */ = {
			isa = PBXProject;
			attributes = {
				LastSwiftUpdateCheck = 1160;
				LastUpgradeCheck = 1160;
				ORGANIZATIONNAME = "Sam's Club";
				TargetAttributes = {
					C282BBE424DE2A4A0075026A = {
						CreatedOnToolsVersion = 11.6;
					};
					C282BBFA24DE2A500075026A = {
						CreatedOnToolsVersion = 11.6;
						TestTargetID = C282BBE424DE2A4A0075026A;
					};
				};
			};
			buildConfigurationList = C282BBE024DE2A4A0075026A /* Build configuration list for PBXProject "RxSwiftDemo" */;
			compatibilityVersion = "Xcode 9.3";
			developmentRegion = en;
			hasScannedForEncodings = 0;
			knownRegions = (
				en,
				Base,
			);
			mainGroup = C282BBDC24DE2A4A0075026A;
			productRefGroup = C282BBE624DE2A4A0075026A /* Products */;
			projectDirPath = "";
			projectRoot = "";
			targets = (
				C282BBE424DE2A4A0075026A /* RxSwiftDemo */,
				C282BBFA24DE2A500075026A /* RxSwiftDemoTests */,
			);
		};
/* End PBXProject section */

/* Begin PBXResourcesBuildPhase section */
		C282BBE324DE2A4A0075026A /* Resources */ = {
			isa = PBXResourcesBuildPhase;
			buildActionMask = 2147483647;
			files = (
				C282BBF524DE2A500075026A /* LaunchScreen.storyboard in Resources */,
				C282BBF224DE2A500075026A /* Assets.xcassets in Resources */,
				C282BBF024DE2A4A0075026A /* Main.storyboard in Resources */,
			);
			runOnlyForDeploymentPostprocessing = 0;
		};
		C282BBF924DE2A500075026A /* Resources */ = {
			isa = PBXResourcesBuildPhase;
			buildActionMask = 2147483647;
			files = (
			);
			runOnlyForDeploymentPostprocessing = 0;
		};
/* End PBXResourcesBuildPhase section */

/* Begin PBXShellScriptBuildPhase section */
		E46AD9E46C255C6528E62203 /* [CP] Check Pods Manifest.lock */ = {
			isa = PBXShellScriptBuildPhase;
			buildActionMask = 2147483647;
			files = (
			);
			inputFileListPaths = (
			);
			inputPaths = (
				"${PODS_PODFILE_DIR_PATH}/Podfile.lock",
				"${PODS_ROOT}/Manifest.lock",
			);
			name = "[CP] Check Pods Manifest.lock";
			outputFileListPaths = (
			);
			outputPaths = (
				"$(DERIVED_FILE_DIR)/Pods-RxSwiftDemo-checkManifestLockResult.txt",
			);
			runOnlyForDeploymentPostprocessing = 0;
			shellPath = /bin/sh;
			shellScript = "diff \"${PODS_PODFILE_DIR_PATH}/Podfile.lock\" \"${PODS_ROOT}/Manifest.lock\" > /dev/null\nif [ $? != 0 ] ; then\n    # print error to STDERR\n    echo \"error: The sandbox is not in sync with the Podfile.lock. Run 'pod install' or update your CocoaPods installation.\" >&2\n    exit 1\nfi\n# This output is used by Xcode 'outputs' to avoid re-running this script phase.\necho \"SUCCESS\" > \"${SCRIPT_OUTPUT_FILE_0}\"\n";
			showEnvVarsInLog = 0;
		};
/* End PBXShellScriptBuildPhase section */

/* Begin PBXSourcesBuildPhase section */
		C282BBE124DE2A4A0075026A /* Sources */ = {
			isa = PBXSourcesBuildPhase;
			buildActionMask = 2147483647;
			files = (
				C282BBED24DE2A4A0075026A /* ViewController.swift in Sources */,
				C282BBE924DE2A4A0075026A /* AppDelegate.swift in Sources */,
				C282BBEB24DE2A4A0075026A /* SceneDelegate.swift in Sources */,
			);
			runOnlyForDeploymentPostprocessing = 0;
		};
		C282BBF724DE2A500075026A /* Sources */ = {
			isa = PBXSourcesBuildPhase;
			buildActionMask = 2147483647;
			files = (
				C282BC0024DE2A500075026A /* RxSwiftDemoTests.swift in Sources */,
			);
			runOnlyForDeploymentPostprocessing = 0;
		};
/* End PBXSourcesBuildPhase section */

/* Begin PBXTargetDependency section */
		C282BBFD24DE2A500075026A /* PBXTargetDependency */ = {
			isa = PBXTargetDependency;
			target = C282BBE424DE2A4A0075026A /* RxSwiftDemo */;
			targetProxy = C282BBFC24DE2A500075026A /* PBXContainerItemProxy */;
		};
/* End PBXTargetDependency section */

/* Begin PBXVariantGroup section */
		C282BBEE24DE2A4A0075026A /* Main.storyboard */ = {
			isa = PBXVariantGroup;
			children = (
				C282BBEF24DE2A4A0075026A /* Base */,
			);
			name = Main.storyboard;
			sourceTree = "<group>";
		};
		C282BBF324DE2A500075026A /* LaunchScreen.storyboard */ = {
			isa = PBXVariantGroup;
			children = (
				C282BBF424DE2A500075026A /* Base */,
			);
			name = LaunchScreen.storyboard;
			sourceTree = "<group>";
		};
/* End PBXVariantGroup section */

/* Begin XCBuildConfiguration section */
		C282BC0224DE2A500075026A /* Debug */ = {
			isa = XCBuildConfiguration;
			buildSettings = {
				ALWAYS_SEARCH_USER_PATHS = NO;
				CLANG_ANALYZER_NONNULL = YES;
				CLANG_ANALYZER_NUMBER_OBJECT_CONVERSION = YES_AGGRESSIVE;
				CLANG_CXX_LANGUAGE_STANDARD = "gnu++14";
				CLANG_CXX_LIBRARY = "libc++";
				CLANG_ENABLE_MODULES = YES;
				CLANG_ENABLE_OBJC_ARC = YES;
				CLANG_ENABLE_OBJC_WEAK = YES;
				CLANG_WARN_BLOCK_CAPTURE_AUTORELEASING = YES;
				CLANG_WARN_BOOL_CONVERSION = YES;
				CLANG_WARN_COMMA = YES;
				CLANG_WARN_CONSTANT_CONVERSION = YES;
				CLANG_WARN_DEPRECATED_OBJC_IMPLEMENTATIONS = YES;
				CLANG_WARN_DIRECT_OBJC_ISA_USAGE = YES_ERROR;
				CLANG_WARN_DOCUMENTATION_COMMENTS = YES;
				CLANG_WARN_EMPTY_BODY = YES;
				CLANG_WARN_ENUM_CONVERSION = YES;
				CLANG_WARN_INFINITE_RECURSION = YES;
				CLANG_WARN_INT_CONVERSION = YES;
				CLANG_WARN_NON_LITERAL_NULL_CONVERSION = YES;
				CLANG_WARN_OBJC_IMPLICIT_RETAIN_SELF = YES;
				CLANG_WARN_OBJC_LITERAL_CONVERSION = YES;
				CLANG_WARN_OBJC_ROOT_CLASS = YES_ERROR;
				CLANG_WARN_RANGE_LOOP_ANALYSIS = YES;
				CLANG_WARN_STRICT_PROTOTYPES = YES;
				CLANG_WARN_SUSPICIOUS_MOVE = YES;
				CLANG_WARN_UNGUARDED_AVAILABILITY = YES_AGGRESSIVE;
				CLANG_WARN_UNREACHABLE_CODE = YES;
				CLANG_WARN__DUPLICATE_METHOD_MATCH = YES;
				COPY_PHASE_STRIP = NO;
				DEBUG_INFORMATION_FORMAT = dwarf;
				ENABLE_STRICT_OBJC_MSGSEND = YES;
				ENABLE_TESTABILITY = YES;
				GCC_C_LANGUAGE_STANDARD = gnu11;
				GCC_DYNAMIC_NO_PIC = NO;
				GCC_NO_COMMON_BLOCKS = YES;
				GCC_OPTIMIZATION_LEVEL = 0;
				GCC_PREPROCESSOR_DEFINITIONS = (
					"DEBUG=1",
					"$(inherited)",
				);
				GCC_WARN_64_TO_32_BIT_CONVERSION = YES;
				GCC_WARN_ABOUT_RETURN_TYPE = YES_ERROR;
				GCC_WARN_UNDECLARED_SELECTOR = YES;
				GCC_WARN_UNINITIALIZED_AUTOS = YES_AGGRESSIVE;
				GCC_WARN_UNUSED_FUNCTION = YES;
				GCC_WARN_UNUSED_VARIABLE = YES;
				IPHONEOS_DEPLOYMENT_TARGET = 13.6;
				MTL_ENABLE_DEBUG_INFO = INCLUDE_SOURCE;
				MTL_FAST_MATH = YES;
				ONLY_ACTIVE_ARCH = YES;
				SDKROOT = iphoneos;
				SWIFT_ACTIVE_COMPILATION_CONDITIONS = DEBUG;
				SWIFT_OPTIMIZATION_LEVEL = "-Onone";
			};
			name = Debug;
		};
		C282BC0324DE2A500075026A /* Release */ = {
			isa = XCBuildConfiguration;
			buildSettings = {
				ALWAYS_SEARCH_USER_PATHS = NO;
				CLANG_ANALYZER_NONNULL = YES;
				CLANG_ANALYZER_NUMBER_OBJECT_CONVERSION = YES_AGGRESSIVE;
				CLANG_CXX_LANGUAGE_STANDARD = "gnu++14";
				CLANG_CXX_LIBRARY = "libc++";
				CLANG_ENABLE_MODULES = YES;
				CLANG_ENABLE_OBJC_ARC = YES;
				CLANG_ENABLE_OBJC_WEAK = YES;
				CLANG_WARN_BLOCK_CAPTURE_AUTORELEASING = YES;
				CLANG_WARN_BOOL_CONVERSION = YES;
				CLANG_WARN_COMMA = YES;
				CLANG_WARN_CONSTANT_CONVERSION = YES;
				CLANG_WARN_DEPRECATED_OBJC_IMPLEMENTATIONS = YES;
				CLANG_WARN_DIRECT_OBJC_ISA_USAGE = YES_ERROR;
				CLANG_WARN_DOCUMENTATION_COMMENTS = YES;
				CLANG_WARN_EMPTY_BODY = YES;
				CLANG_WARN_ENUM_CONVERSION = YES;
				CLANG_WARN_INFINITE_RECURSION = YES;
				CLANG_WARN_INT_CONVERSION = YES;
				CLANG_WARN_NON_LITERAL_NULL_CONVERSION = YES;
				CLANG_WARN_OBJC_IMPLICIT_RETAIN_SELF = YES;
				CLANG_WARN_OBJC_LITERAL_CONVERSION = YES;
				CLANG_WARN_OBJC_ROOT_CLASS = YES_ERROR;
				CLANG_WARN_RANGE_LOOP_ANALYSIS = YES;
				CLANG_WARN_STRICT_PROTOTYPES = YES;
				CLANG_WARN_SUSPICIOUS_MOVE = YES;
				CLANG_WARN_UNGUARDED_AVAILABILITY = YES_AGGRESSIVE;
				CLANG_WARN_UNREACHABLE_CODE = YES;
				CLANG_WARN__DUPLICATE_METHOD_MATCH = YES;
				COPY_PHASE_STRIP = NO;
				DEBUG_INFORMATION_FORMAT = "dwarf-with-dsym";
				ENABLE_NS_ASSERTIONS = NO;
				ENABLE_STRICT_OBJC_MSGSEND = YES;
				GCC_C_LANGUAGE_STANDARD = gnu11;
				GCC_NO_COMMON_BLOCKS = YES;
				GCC_WARN_64_TO_32_BIT_CONVERSION = YES;
				GCC_WARN_ABOUT_RETURN_TYPE = YES_ERROR;
				GCC_WARN_UNDECLARED_SELECTOR = YES;
				GCC_WARN_UNINITIALIZED_AUTOS = YES_AGGRESSIVE;
				GCC_WARN_UNUSED_FUNCTION = YES;
				GCC_WARN_UNUSED_VARIABLE = YES;
				IPHONEOS_DEPLOYMENT_TARGET = 13.6;
				MTL_ENABLE_DEBUG_INFO = NO;
				MTL_FAST_MATH = YES;
				SDKROOT = iphoneos;
				SWIFT_COMPILATION_MODE = wholemodule;
				SWIFT_OPTIMIZATION_LEVEL = "-O";
				VALIDATE_PRODUCT = YES;
			};
			name = Release;
		};
		C282BC0524DE2A500075026A /* Debug */ = {
			isa = XCBuildConfiguration;
			baseConfigurationReference = 4A975FF1FD67A7058165E006 /* Pods-RxSwiftDemo.debug.xcconfig */;
			buildSettings = {
				ASSETCATALOG_COMPILER_APPICON_NAME = AppIcon;
				CODE_SIGN_STYLE = Automatic;
				DEVELOPMENT_TEAM = MX45P48B86;
				INFOPLIST_FILE = RxSwiftDemo/Info.plist;
				IPHONEOS_DEPLOYMENT_TARGET = 13.0;
				LD_RUNPATH_SEARCH_PATHS = (
					"$(inherited)",
					"@executable_path/Frameworks",
				);
				PRODUCT_BUNDLE_IDENTIFIER = com.samsclub.RxSwiftDemo;
				PRODUCT_NAME = "$(TARGET_NAME)";
				SWIFT_VERSION = 5.0;
				TARGETED_DEVICE_FAMILY = "1,2";
			};
			name = Debug;
		};
		C282BC0624DE2A500075026A /* Release */ = {
			isa = XCBuildConfiguration;
			baseConfigurationReference = 0C2D11908EB08B3EA4883FB6 /* Pods-RxSwiftDemo.release.xcconfig */;
			buildSettings = {
				ASSETCATALOG_COMPILER_APPICON_NAME = AppIcon;
				CODE_SIGN_STYLE = Automatic;
				DEVELOPMENT_TEAM = MX45P48B86;
				INFOPLIST_FILE = RxSwiftDemo/Info.plist;
				IPHONEOS_DEPLOYMENT_TARGET = 13.0;
				LD_RUNPATH_SEARCH_PATHS = (
					"$(inherited)",
					"@executable_path/Frameworks",
				);
				PRODUCT_BUNDLE_IDENTIFIER = com.samsclub.RxSwiftDemo;
				PRODUCT_NAME = "$(TARGET_NAME)";
				SWIFT_VERSION = 5.0;
				TARGETED_DEVICE_FAMILY = "1,2";
			};
			name = Release;
		};
		C282BC0824DE2A500075026A /* Debug */ = {
			isa = XCBuildConfiguration;
			buildSettings = {
				ALWAYS_EMBED_SWIFT_STANDARD_LIBRARIES = YES;
				BUNDLE_LOADER = "$(TEST_HOST)";
				CODE_SIGN_STYLE = Automatic;
				DEVELOPMENT_TEAM = MX45P48B86;
				INFOPLIST_FILE = RxSwiftDemoTests/Info.plist;
				IPHONEOS_DEPLOYMENT_TARGET = 13.6;
				LD_RUNPATH_SEARCH_PATHS = (
					"$(inherited)",
					"@executable_path/Frameworks",
					"@loader_path/Frameworks",
				);
				PRODUCT_BUNDLE_IDENTIFIER = com.samsclub.RxSwiftDemoTests;
				PRODUCT_NAME = "$(TARGET_NAME)";
				SWIFT_VERSION = 5.0;
				TARGETED_DEVICE_FAMILY = "1,2";
				TEST_HOST = "$(BUILT_PRODUCTS_DIR)/RxSwiftDemo.app/RxSwiftDemo";
			};
			name = Debug;
		};
		C282BC0924DE2A500075026A /* Release */ = {
			isa = XCBuildConfiguration;
			buildSettings = {
				ALWAYS_EMBED_SWIFT_STANDARD_LIBRARIES = YES;
				BUNDLE_LOADER = "$(TEST_HOST)";
				CODE_SIGN_STYLE = Automatic;
				DEVELOPMENT_TEAM = MX45P48B86;
				INFOPLIST_FILE = RxSwiftDemoTests/Info.plist;
				IPHONEOS_DEPLOYMENT_TARGET = 13.6;
				LD_RUNPATH_SEARCH_PATHS = (
					"$(inherited)",
					"@executable_path/Frameworks",
					"@loader_path/Frameworks",
				);
				PRODUCT_BUNDLE_IDENTIFIER = com.samsclub.RxSwiftDemoTests;
				PRODUCT_NAME = "$(TARGET_NAME)";
				SWIFT_VERSION = 5.0;
				TARGETED_DEVICE_FAMILY = "1,2";
				TEST_HOST = "$(BUILT_PRODUCTS_DIR)/RxSwiftDemo.app/RxSwiftDemo";
			};
			name = Release;
		};
/* End XCBuildConfiguration section */

/* Begin XCConfigurationList section */
		C282BBE024DE2A4A0075026A /* Build configuration list for PBXProject "RxSwiftDemo" */ = {
			isa = XCConfigurationList;
			buildConfigurations = (
				C282BC0224DE2A500075026A /* Debug */,
				C282BC0324DE2A500075026A /* Release */,
			);
			defaultConfigurationIsVisible = 0;
			defaultConfigurationName = Release;
		};
		C282BC0424DE2A500075026A /* Build configuration list for PBXNativeTarget "RxSwiftDemo" */ = {
			isa = XCConfigurationList;
			buildConfigurations = (
				C282BC0524DE2A500075026A /* Debug */,
				C282BC0624DE2A500075026A /* Release */,
			);
			defaultConfigurationIsVisible = 0;
			defaultConfigurationName = Release;
		};
		C282BC0724DE2A500075026A /* Build configuration list for PBXNativeTarget "RxSwiftDemoTests" */ = {
			isa = XCConfigurationList;
			buildConfigurations = (
				C282BC0824DE2A500075026A /* Debug */,
				C282BC0924DE2A500075026A /* Release */,
			);
			defaultConfigurationIsVisible = 0;
			defaultConfigurationName = Release;
		};
/* End XCConfigurationList section */
	};
	rootObject = C282BBDD24DE2A4A0075026A /* Project object */;
}
