<?xml version="1.0" encoding="UTF-8"?>
<Scheme
   version = "1.3">
   <BuildAction>
      <BuildActionEntries>
         <BuildActionEntry
            buildForRunning = "YES">
            <BuildableReference
               BuildableIdentifier = "primary"
               BlueprintIdentifier = "C282BBE424DE2A4A0075026A"
               BuildableName = "RxSwiftDemo.app"
               BlueprintName = "RxSwiftDemo"
               ReferencedContainer = "container:RxSwiftDemo.xcodeproj">
            </BuildableReference>
         </BuildActionEntry>
      </BuildActionEntries>
   </BuildAction>
   <LaunchAction
      useCustomWorkingDirectory = "NO"
      buildConfiguration = "Debug"
      allowLocationSimulation = "YES">
      <BuildableProductRunnable>
         <BuildableReference
            BuildableIdentifier = "primary"
            BlueprintIdentifier = "C282BBE424DE2A4A0075026A"
            BuildableName = "RxSwiftDemo.app"
            BlueprintName = "RxSwiftDemo"
            ReferencedContainer = "container:RxSwiftDemo.xcodeproj">
         </BuildableReference>
      </BuildableProductRunnable>
   </LaunchAction>
</Scheme>
